
Microsoft Visual Studio Solution File, Format Version 12.00
# Visual Studio 15
VisualStudioVersion = 15.0.27130.2010
MinimumVisualStudioVersion = 10.0.40219.1
Project("{8BC9CEB8-8B4A-11D0-8D11-00A0C91BC942}") = "BasicEngine", "BasicEngine\BasicEngine.vcxproj", "{7CCF35A7-CE09-4162-B07B-DAB5078439F0}"
EndProject
Project("{8BC9CEB8-8B4A-11D0-8D11-00A0C91BC942}") = "c2_1_DrawCube", "c2_1_DrawCube\c2_1_DrawCube.vcxproj", "{58CF3799-A13E-4DD0-A56B-89D6724385FD}"
EndProject
Project("{8BC9CEB8-8B4A-11D0-8D11-00A0C91BC942}") = "CanvasVectors", "CanvasVectors\CanvasVectors.vcxproj", "{FEFAF852-46F5-46CF-AB04-35BD536065D4}"
EndProject
Global
	GlobalSection(SolutionConfigurationPlatforms) = preSolution
		Debug|x64 = Debug|x64
		Debug|x86 = Debug|x86
		Release|x64 = Release|x64
		Release|x86 = Release|x86
	EndGlobalSection
	GlobalSection(ProjectConfigurationPlatforms) = postSolution
		{7CCF35A7-CE09-4162-B07B-DAB5078439F0}.Debug|x64.ActiveCfg = Debug|x64
		{7CCF35A7-CE09-4162-B07B-DAB5078439F0}.Debug|x64.Build.0 = Debug|x64
		{7CCF35A7-CE09-4162-B07B-DAB5078439F0}.Debug|x86.ActiveCfg = Debug|Win32
		{7CCF35A7-CE09-4162-B07B-DAB5078439F0}.Debug|x86.Build.0 = Debug|Win32
		{7CCF35A7-CE09-4162-B07B-DAB5078439F0}.Release|x64.ActiveCfg = Release|x64
		{7CCF35A7-CE09-4162-B07B-DAB5078439F0}.Release|x64.Build.0 = Release|x64
		{7CCF35A7-CE09-4162-B07B-DAB5078439F0}.Release|x86.ActiveCfg = Release|Win32
		{7CCF35A7-CE09-4162-B07B-DAB5078439F0}.Release|x86.Build.0 = Release|Win32
		{58CF3799-A13E-4DD0-A56B-89D6724385FD}.Debug|x64.ActiveCfg = Debug|x64
		{58CF3799-A13E-4DD0-A56B-89D6724385FD}.Debug|x64.Build.0 = Debug|x64
		{58CF3799-A13E-4DD0-A56B-89D6724385FD}.Debug|x86.ActiveCfg = Debug|Win32
		{58CF3799-A13E-4DD0-A56B-89D6724385FD}.Debug|x86.Build.0 = Debug|Win32
		{58CF3799-A13E-4DD0-A56B-89D6724385FD}.Release|x64.ActiveCfg = Release|x64
		{58CF3799-A13E-4DD0-A56B-89D6724385FD}.Release|x64.Build.0 = Release|x64
		{58CF3799-A13E-4DD0-A56B-89D6724385FD}.Release|x86.ActiveCfg = Release|Win32
		{58CF3799-A13E-4DD0-A56B-89D6724385FD}.Release|x86.Build.0 = Release|Win32
		{FEFAF852-46F5-46CF-AB04-35BD536065D4}.Debug|x64.ActiveCfg = Debug|x64
		{FEFAF852-46F5-46CF-AB04-35BD536065D4}.Debug|x64.Build.0 = Debug|x64
		{FEFAF852-46F5-46CF-AB04-35BD536065D4}.Debug|x86.ActiveCfg = Debug|Win32
		{FEFAF852-46F5-46CF-AB04-35BD536065D4}.Debug|x86.Build.0 = Debug|Win32
		{FEFAF852-46F5-46CF-AB04-35BD536065D4}.Release|x64.ActiveCfg = Release|x64
		{FEFAF852-46F5-46CF-AB04-35BD536065D4}.Release|x64.Build.0 = Release|x64
		{FEFAF852-46F5-46CF-AB04-35BD536065D4}.Release|x86.ActiveCfg = Release|Win32
		{FEFAF852-46F5-46CF-AB04-35BD536065D4}.Release|x86.Build.0 = Release|Win32
	EndGlobalSection
	GlobalSection(SolutionProperties) = preSolution
		HideSolutionNode = FALSE
	EndGlobalSection
	GlobalSection(ExtensibilityGlobals) = postSolution
		SolutionGuid = {416B9B16-84A5-4DA7-B700-378B075E9852}
	EndGlobalSection
EndGlobal
